
Microsoft Visual Studio Solution File, Format Version 12.00
Project("{FAE04EC0-301F-11D3-BF4B-00C04F79EFBC}") = "NovaModaBrecho", "NovaModaBrecho\NovaModaBrecho.csproj", "{40D3CA58-CAE8-4CBA-84C6-F614B96B2897}"
EndProject
Global
	GlobalSection(SolutionConfigurationPlatforms) = preSolution
		Debug|Any CPU = Debug|Any CPU
		Release|Any CPU = Release|Any CPU
	EndGlobalSection
	GlobalSection(ProjectConfigurationPlatforms) = postSolution
		{40D3CA58-CAE8-4CBA-84C6-F614B96B2897}.Debug|Any CPU.ActiveCfg = Debug|Any CPU
		{40D3CA58-CAE8-4CBA-84C6-F614B96B2897}.Debug|Any CPU.Build.0 = Debug|Any CPU
		{40D3CA58-CAE8-4CBA-84C6-F614B96B2897}.Release|Any CPU.ActiveCfg = Release|Any CPU
		{40D3CA58-CAE8-4CBA-84C6-F614B96B2897}.Release|Any CPU.Build.0 = Release|Any CPU
	EndGlobalSection
EndGlobal
